
Microsoft Visual Studio Solution File, Format Version 12.00
# Visual Studio Version 17
VisualStudioVersion = 17.9.34728.123
MinimumVisualStudioVersion = 10.0.40219.1
Project("{FAE04EC0-301F-11D3-BF4B-00C04F79EFBC}") = "Movies", "Movies\Movies.csproj", "{1CF56BFA-7D75-483F-8CF4-018EC0CC6F53}"
EndProject
Global
	GlobalSection(SolutionConfigurationPlatforms) = preSolution
		Debug|Any CPU = Debug|Any CPU
		Release|Any CPU = Release|Any CPU
	EndGlobalSection
	GlobalSection(ProjectConfigurationPlatforms) = postSolution
		{1CF56BFA-7D75-483F-8CF4-018EC0CC6F53}.Debug|Any CPU.ActiveCfg = Debug|Any CPU
		{1CF56BFA-7D75-483F-8CF4-018EC0CC6F53}.Debug|Any CPU.Build.0 = Debug|Any CPU
		{1CF56BFA-7D75-483F-8CF4-018EC0CC6F53}.Release|Any CPU.ActiveCfg = Release|Any CPU
		{1CF56BFA-7D75-483F-8CF4-018EC0CC6F53}.Release|Any CPU.Build.0 = Release|Any CPU
	EndGlobalSection
	GlobalSection(SolutionProperties) = preSolution
		HideSolutionNode = FALSE
	EndGlobalSection
	GlobalSection(ExtensibilityGlobals) = postSolution
		SolutionGuid = {E62C31FB-4A14-4A23-AF11-64F6FE3C837E}
	EndGlobalSection
EndGlobal
